
Microsoft Visual Studio Solution File, Format Version 12.00
# Visual Studio Version 17
VisualStudioVersion = 17.10.35013.160
MinimumVisualStudioVersion = 10.0.40219.1
Project("{FAE04EC0-301F-11D3-BF4B-00C04F79EFBC}") = "HangfireTask", "HangfireTask\HangfireTask.csproj", "{B33F229E-D45B-495A-A523-BB635F860087}"
EndProject
Global
	GlobalSection(SolutionConfigurationPlatforms) = preSolution
		Debug|Any CPU = Debug|Any CPU
		Release|Any CPU = Release|Any CPU
	EndGlobalSection
	GlobalSection(ProjectConfigurationPlatforms) = postSolution
		{B33F229E-D45B-495A-A523-BB635F860087}.Debug|Any CPU.ActiveCfg = Debug|Any CPU
		{B33F229E-D45B-495A-A523-BB635F860087}.Debug|Any CPU.Build.0 = Debug|Any CPU
		{B33F229E-D45B-495A-A523-BB635F860087}.Release|Any CPU.ActiveCfg = Release|Any CPU
		{B33F229E-D45B-495A-A523-BB635F860087}.Release|Any CPU.Build.0 = Release|Any CPU
	EndGlobalSection
	GlobalSection(SolutionProperties) = preSolution
		HideSolutionNode = FALSE
	EndGlobalSection
	GlobalSection(ExtensibilityGlobals) = postSolution
		SolutionGuid = {82DA4293-F9A1-4E16-B905-6433AF93E8ED}
	EndGlobalSection
EndGlobal
